
Microsoft Visual Studio Solution File, Format Version 12.00
# Visual Studio 14
VisualStudioVersion = 14.0.24720.0
MinimumVisualStudioVersion = 10.0.40219.1
Project("{FAE04EC0-301F-11D3-BF4B-00C04F79EFBC}") = "ex01-InsideTheBuilding", "ex01-InsideTheBuilding\ex01-InsideTheBuilding.csproj", "{8CFDD6EF-6A51-43CE-B685-5E659EEF817C}"
EndProject
Project("{FAE04EC0-301F-11D3-BF4B-00C04F79EFBC}") = "ex02-StudentCables", "ex02-StudentCables\ex02-StudentCables.csproj", "{1E087EBB-53E2-4DFF-95FF-35B202F69AA3}"
EndProject
Project("{FAE04EC0-301F-11D3-BF4B-00C04F79EFBC}") = "ex03-ProgrammerDNA", "ex03-ProgrammerDNA\ex03-ProgrammerDNA.csproj", "{668997E0-B121-41CB-83C6-4EFAE59D66A8}"
EndProject
Project("{FAE04EC0-301F-11D3-BF4B-00C04F79EFBC}") = "ex04-MagicCarNumbers", "ex04-MagicCarNumbers\ex04-MagicCarNumbers.csproj", "{0815C928-2BA5-44E4-A6C1-6773E0F092E2}"
EndProject
Project("{FAE04EC0-301F-11D3-BF4B-00C04F79EFBC}") = "ex05-BitFlipper", "ex05-BitFlipper\ex05-BitFlipper.csproj", "{C886DE85-B90E-4465-8F87-5B6C7F7DCF45}"
EndProject
Global
	GlobalSection(SolutionConfigurationPlatforms) = preSolution
		Debug|Any CPU = Debug|Any CPU
		Release|Any CPU = Release|Any CPU
	EndGlobalSection
	GlobalSection(ProjectConfigurationPlatforms) = postSolution
		{8CFDD6EF-6A51-43CE-B685-5E659EEF817C}.Debug|Any CPU.ActiveCfg = Debug|Any CPU
		{8CFDD6EF-6A51-43CE-B685-5E659EEF817C}.Debug|Any CPU.Build.0 = Debug|Any CPU
		{8CFDD6EF-6A51-43CE-B685-5E659EEF817C}.Release|Any CPU.ActiveCfg = Release|Any CPU
		{8CFDD6EF-6A51-43CE-B685-5E659EEF817C}.Release|Any CPU.Build.0 = Release|Any CPU
		{1E087EBB-53E2-4DFF-95FF-35B202F69AA3}.Debug|Any CPU.ActiveCfg = Debug|Any CPU
		{1E087EBB-53E2-4DFF-95FF-35B202F69AA3}.Debug|Any CPU.Build.0 = Debug|Any CPU
		{1E087EBB-53E2-4DFF-95FF-35B202F69AA3}.Release|Any CPU.ActiveCfg = Release|Any CPU
		{1E087EBB-53E2-4DFF-95FF-35B202F69AA3}.Release|Any CPU.Build.0 = Release|Any CPU
		{668997E0-B121-41CB-83C6-4EFAE59D66A8}.Debug|Any CPU.ActiveCfg = Debug|Any CPU
		{668997E0-B121-41CB-83C6-4EFAE59D66A8}.Debug|Any CPU.Build.0 = Debug|Any CPU
		{668997E0-B121-41CB-83C6-4EFAE59D66A8}.Release|Any CPU.ActiveCfg = Release|Any CPU
		{668997E0-B121-41CB-83C6-4EFAE59D66A8}.Release|Any CPU.Build.0 = Release|Any CPU
		{0815C928-2BA5-44E4-A6C1-6773E0F092E2}.Debug|Any CPU.ActiveCfg = Debug|Any CPU
		{0815C928-2BA5-44E4-A6C1-6773E0F092E2}.Debug|Any CPU.Build.0 = Debug|Any CPU
		{0815C928-2BA5-44E4-A6C1-6773E0F092E2}.Release|Any CPU.ActiveCfg = Release|Any CPU
		{0815C928-2BA5-44E4-A6C1-6773E0F092E2}.Release|Any CPU.Build.0 = Release|Any CPU
		{C886DE85-B90E-4465-8F87-5B6C7F7DCF45}.Debug|Any CPU.ActiveCfg = Debug|Any CPU
		{C886DE85-B90E-4465-8F87-5B6C7F7DCF45}.Debug|Any CPU.Build.0 = Debug|Any CPU
		{C886DE85-B90E-4465-8F87-5B6C7F7DCF45}.Release|Any CPU.ActiveCfg = Release|Any CPU
		{C886DE85-B90E-4465-8F87-5B6C7F7DCF45}.Release|Any CPU.Build.0 = Release|Any CPU
	EndGlobalSection
	GlobalSection(SolutionProperties) = preSolution
		HideSolutionNode = FALSE
	EndGlobalSection
EndGlobal
