
Microsoft Visual Studio Solution File, Format Version 12.00
# Visual Studio 14
VisualStudioVersion = 14.0.24720.0
MinimumVisualStudioVersion = 10.0.40219.1
Project("{FAE04EC0-301F-11D3-BF4B-00C04F79EFBC}") = "tmp01", "tmp01\tmp01.csproj", "{1D3BBB8B-7B13-4E61-8F57-38A7151DB20E}"
EndProject
Project("{FAE04EC0-301F-11D3-BF4B-00C04F79EFBC}") = "tmp02", "tmp02\tmp02.csproj", "{503033FB-4685-44FF-B82B-7F48CC87ACDB}"
EndProject
Project("{FAE04EC0-301F-11D3-BF4B-00C04F79EFBC}") = "tmp03", "tmp03\tmp03.csproj", "{2BC142CB-33AE-43B5-9695-5167DE1F761F}"
EndProject
Global
	GlobalSection(SolutionConfigurationPlatforms) = preSolution
		Debug|Any CPU = Debug|Any CPU
		Release|Any CPU = Release|Any CPU
	EndGlobalSection
	GlobalSection(ProjectConfigurationPlatforms) = postSolution
		{1D3BBB8B-7B13-4E61-8F57-38A7151DB20E}.Debug|Any CPU.ActiveCfg = Debug|Any CPU
		{1D3BBB8B-7B13-4E61-8F57-38A7151DB20E}.Debug|Any CPU.Build.0 = Debug|Any CPU
		{1D3BBB8B-7B13-4E61-8F57-38A7151DB20E}.Release|Any CPU.ActiveCfg = Release|Any CPU
		{1D3BBB8B-7B13-4E61-8F57-38A7151DB20E}.Release|Any CPU.Build.0 = Release|Any CPU
		{503033FB-4685-44FF-B82B-7F48CC87ACDB}.Debug|Any CPU.ActiveCfg = Debug|Any CPU
		{503033FB-4685-44FF-B82B-7F48CC87ACDB}.Debug|Any CPU.Build.0 = Debug|Any CPU
		{503033FB-4685-44FF-B82B-7F48CC87ACDB}.Release|Any CPU.ActiveCfg = Release|Any CPU
		{503033FB-4685-44FF-B82B-7F48CC87ACDB}.Release|Any CPU.Build.0 = Release|Any CPU
		{2BC142CB-33AE-43B5-9695-5167DE1F761F}.Debug|Any CPU.ActiveCfg = Debug|Any CPU
		{2BC142CB-33AE-43B5-9695-5167DE1F761F}.Debug|Any CPU.Build.0 = Debug|Any CPU
		{2BC142CB-33AE-43B5-9695-5167DE1F761F}.Release|Any CPU.ActiveCfg = Release|Any CPU
		{2BC142CB-33AE-43B5-9695-5167DE1F761F}.Release|Any CPU.Build.0 = Release|Any CPU
	EndGlobalSection
	GlobalSection(SolutionProperties) = preSolution
		HideSolutionNode = FALSE
	EndGlobalSection
EndGlobal
